
Microsoft Visual Studio Solution File, Format Version 12.00
# Visual Studio Version 16
VisualStudioVersion = 16.0.31424.327
MinimumVisualStudioVersion = 10.0.40219.1
Project("{FAE04EC0-301F-11D3-BF4B-00C04F79EFBC}") = "GitHubOAuth2.0", "GitHubOAuth2.0\GitHubOAuth2.0.csproj", "{1C7F8C5D-69A7-4658-BB56-CAD1849AD030}"
EndProject
Global
	GlobalSection(SolutionConfigurationPlatforms) = preSolution
		Debug|Any CPU = Debug|Any CPU
		Release|Any CPU = Release|Any CPU
	EndGlobalSection
	GlobalSection(ProjectConfigurationPlatforms) = postSolution
		{1C7F8C5D-69A7-4658-BB56-CAD1849AD030}.Debug|Any CPU.ActiveCfg = Debug|Any CPU
		{1C7F8C5D-69A7-4658-BB56-CAD1849AD030}.Debug|Any CPU.Build.0 = Debug|Any CPU
		{1C7F8C5D-69A7-4658-BB56-CAD1849AD030}.Release|Any CPU.ActiveCfg = Release|Any CPU
		{1C7F8C5D-69A7-4658-BB56-CAD1849AD030}.Release|Any CPU.Build.0 = Release|Any CPU
	EndGlobalSection
	GlobalSection(SolutionProperties) = preSolution
		HideSolutionNode = FALSE
	EndGlobalSection
	GlobalSection(ExtensibilityGlobals) = postSolution
		SolutionGuid = {EAF14027-9143-4150-9088-0DA9489BA114}
	EndGlobalSection
EndGlobal
